
Microsoft Visual Studio Solution File, Format Version 12.00
# Visual Studio Version 16
VisualStudioVersion = 16.0.32802.440
MinimumVisualStudioVersion = 10.0.40219.1
Project("{2150E333-8FDC-42A3-9474-1A3956D46DE8}") = "src", "src", "{E58BC802-1B73-41EB-AC6E-00CA348ED757}"
EndProject
Project("{2150E333-8FDC-42A3-9474-1A3956D46DE8}") = "Building Blocks", "Building Blocks", "{0C7FD308-DDB7-4231-AD49-7A14F68BA27F}"
EndProject
Project("{2150E333-8FDC-42A3-9474-1A3956D46DE8}") = "Services", "Services", "{E279B563-F06B-4D90-A8CD-0F5F4C433A20}"
EndProject
Project("{2150E333-8FDC-42A3-9474-1A3956D46DE8}") = "Web", "Web", "{72B53673-2FFD-4619-8EE7-3CDCAA5C88A8}"
EndProject
Project("{2150E333-8FDC-42A3-9474-1A3956D46DE8}") = "Identidade", "Identidade", "{D4C32EFA-6BC4-4BDA-9007-AFD728581EA5}"
EndProject
Project("{9A19103F-16F7-4668-BE54-9A1E7A4F7556}") = "NSE.Identidade.API", "src\services\NSE.Identidade.API\NSE.Identidade.API.csproj", "{FD5D36FE-8B07-4650-95A7-9D9770FCC1B9}"
EndProject
Project("{9A19103F-16F7-4668-BE54-9A1E7A4F7556}") = "NSE.WebApp.MVC", "src\web\NSE.WebApp.MVC\NSE.WebApp.MVC.csproj", "{B98119B5-7307-47D5-AF0C-D980144AA881}"
EndProject
Project("{2150E333-8FDC-42A3-9474-1A3956D46DE8}") = "Core", "Core", "{81FB1875-3301-483C-9313-E83EA1745762}"
EndProject
Project("{9A19103F-16F7-4668-BE54-9A1E7A4F7556}") = "NSE.Core", "src\building blocks\NSE.Core\NSE.Core.csproj", "{154314AC-1228-4CBD-B8A7-F19E207DC3B0}"
EndProject
Project("{2150E333-8FDC-42A3-9474-1A3956D46DE8}") = "Carrinho", "Carrinho", "{EF1B5122-48B2-4395-9C93-A458015E4F3E}"
EndProject
Project("{9A19103F-16F7-4668-BE54-9A1E7A4F7556}") = "NSE.Carrinho.API", "src\services\NSE.Carrinho.API\NSE.Carrinho.API.csproj", "{2310ACC2-7C69-4CA6-935D-3AAF4F6318E9}"
EndProject
Project("{2150E333-8FDC-42A3-9474-1A3956D46DE8}") = "Catalogo", "Catalogo", "{5896FA12-8CB8-412D-A085-39A1E02416D4}"
EndProject
Project("{2150E333-8FDC-42A3-9474-1A3956D46DE8}") = "Cliente", "Cliente", "{7F0063D7-77C5-480E-8545-DA6873678055}"
EndProject
Project("{2150E333-8FDC-42A3-9474-1A3956D46DE8}") = "Pagamento", "Pagamento", "{2AC16987-81DD-4798-A84E-EAE0AC7B508C}"
EndProject
Project("{2150E333-8FDC-42A3-9474-1A3956D46DE8}") = "Pedido", "Pedido", "{C01D48FC-9271-4475-8720-4B9ED028CF3E}"
EndProject
Project("{9A19103F-16F7-4668-BE54-9A1E7A4F7556}") = "NSE.Catalogo.API", "src\services\NSE.Catalogo.API\NSE.Catalogo.API.csproj", "{59EF84EC-A90A-4202-BF54-28CA9A8D1E1B}"
EndProject
Project("{9A19103F-16F7-4668-BE54-9A1E7A4F7556}") = "NSE.Cliente.API", "src\services\NSE.Cliente.API\NSE.Cliente.API.csproj", "{D4293BB2-D734-4C88-AC95-1F0973AC152A}"
EndProject
Project("{9A19103F-16F7-4668-BE54-9A1E7A4F7556}") = "NSE.Pagamento.API", "src\services\NSE.Pagamento.API\NSE.Pagamento.API.csproj", "{B473B016-300D-4475-AFF2-734E8A2D196D}"
EndProject
Project("{9A19103F-16F7-4668-BE54-9A1E7A4F7556}") = "NSE.Pedido.API", "src\services\NSE.Pedido.API\NSE.Pedido.API.csproj", "{4CC2FAA6-DAF9-4B7E-A282-462AE594A15C}"
EndProject
Project("{2150E333-8FDC-42A3-9474-1A3956D46DE8}") = "Services", "Services", "{62B91689-9FBA-411E-8598-6755D483B187}"
EndProject
Project("{9A19103F-16F7-4668-BE54-9A1E7A4F7556}") = "NSE.WebAPI.Core", "src\building blocks\NSE.WebAPI.Core\NSE.WebAPI.Core.csproj", "{1EC16D11-450B-49C1-9BDD-07ACCBCD62AF}"
EndProject
Project("{2150E333-8FDC-42A3-9474-1A3956D46DE8}") = "MessageBus", "MessageBus", "{A20888D1-6B2C-4F53-8A0C-D5CD396848FE}"
EndProject
Project("{FAE04EC0-301F-11D3-BF4B-00C04F79EFBC}") = "NSE.MessageBus", "src\building blocks\NSE.MessageBus\NSE.MessageBus.csproj", "{B2710384-B69D-443E-B8E3-3831BAECC335}"
EndProject
Global
	GlobalSection(SolutionConfigurationPlatforms) = preSolution
		Debug|Any CPU = Debug|Any CPU
		Release|Any CPU = Release|Any CPU
	EndGlobalSection
	GlobalSection(ProjectConfigurationPlatforms) = postSolution
		{FD5D36FE-8B07-4650-95A7-9D9770FCC1B9}.Debug|Any CPU.ActiveCfg = Debug|Any CPU
		{FD5D36FE-8B07-4650-95A7-9D9770FCC1B9}.Debug|Any CPU.Build.0 = Debug|Any CPU
		{FD5D36FE-8B07-4650-95A7-9D9770FCC1B9}.Release|Any CPU.ActiveCfg = Release|Any CPU
		{FD5D36FE-8B07-4650-95A7-9D9770FCC1B9}.Release|Any CPU.Build.0 = Release|Any CPU
		{B98119B5-7307-47D5-AF0C-D980144AA881}.Debug|Any CPU.ActiveCfg = Debug|Any CPU
		{B98119B5-7307-47D5-AF0C-D980144AA881}.Debug|Any CPU.Build.0 = Debug|Any CPU
		{B98119B5-7307-47D5-AF0C-D980144AA881}.Release|Any CPU.ActiveCfg = Release|Any CPU
		{B98119B5-7307-47D5-AF0C-D980144AA881}.Release|Any CPU.Build.0 = Release|Any CPU
		{154314AC-1228-4CBD-B8A7-F19E207DC3B0}.Debug|Any CPU.ActiveCfg = Debug|Any CPU
		{154314AC-1228-4CBD-B8A7-F19E207DC3B0}.Debug|Any CPU.Build.0 = Debug|Any CPU
		{154314AC-1228-4CBD-B8A7-F19E207DC3B0}.Release|Any CPU.ActiveCfg = Release|Any CPU
		{154314AC-1228-4CBD-B8A7-F19E207DC3B0}.Release|Any CPU.Build.0 = Release|Any CPU
		{2310ACC2-7C69-4CA6-935D-3AAF4F6318E9}.Debug|Any CPU.ActiveCfg = Debug|Any CPU
		{2310ACC2-7C69-4CA6-935D-3AAF4F6318E9}.Debug|Any CPU.Build.0 = Debug|Any CPU
		{2310ACC2-7C69-4CA6-935D-3AAF4F6318E9}.Release|Any CPU.ActiveCfg = Release|Any CPU
		{2310ACC2-7C69-4CA6-935D-3AAF4F6318E9}.Release|Any CPU.Build.0 = Release|Any CPU
		{59EF84EC-A90A-4202-BF54-28CA9A8D1E1B}.Debug|Any CPU.ActiveCfg = Debug|Any CPU
		{59EF84EC-A90A-4202-BF54-28CA9A8D1E1B}.Debug|Any CPU.Build.0 = Debug|Any CPU
		{59EF84EC-A90A-4202-BF54-28CA9A8D1E1B}.Release|Any CPU.ActiveCfg = Release|Any CPU
		{59EF84EC-A90A-4202-BF54-28CA9A8D1E1B}.Release|Any CPU.Build.0 = Release|Any CPU
		{D4293BB2-D734-4C88-AC95-1F0973AC152A}.Debug|Any CPU.ActiveCfg = Debug|Any CPU
		{D4293BB2-D734-4C88-AC95-1F0973AC152A}.Debug|Any CPU.Build.0 = Debug|Any CPU
		{D4293BB2-D734-4C88-AC95-1F0973AC152A}.Release|Any CPU.ActiveCfg = Release|Any CPU
		{D4293BB2-D734-4C88-AC95-1F0973AC152A}.Release|Any CPU.Build.0 = Release|Any CPU
		{B473B016-300D-4475-AFF2-734E8A2D196D}.Debug|Any CPU.ActiveCfg = Debug|Any CPU
		{B473B016-300D-4475-AFF2-734E8A2D196D}.Debug|Any CPU.Build.0 = Debug|Any CPU
		{B473B016-300D-4475-AFF2-734E8A2D196D}.Release|Any CPU.ActiveCfg = Release|Any CPU
		{B473B016-300D-4475-AFF2-734E8A2D196D}.Release|Any CPU.Build.0 = Release|Any CPU
		{4CC2FAA6-DAF9-4B7E-A282-462AE594A15C}.Debug|Any CPU.ActiveCfg = Debug|Any CPU
		{4CC2FAA6-DAF9-4B7E-A282-462AE594A15C}.Debug|Any CPU.Build.0 = Debug|Any CPU
		{4CC2FAA6-DAF9-4B7E-A282-462AE594A15C}.Release|Any CPU.ActiveCfg = Release|Any CPU
		{4CC2FAA6-DAF9-4B7E-A282-462AE594A15C}.Release|Any CPU.Build.0 = Release|Any CPU
		{1EC16D11-450B-49C1-9BDD-07ACCBCD62AF}.Debug|Any CPU.ActiveCfg = Debug|Any CPU
		{1EC16D11-450B-49C1-9BDD-07ACCBCD62AF}.Debug|Any CPU.Build.0 = Debug|Any CPU
		{1EC16D11-450B-49C1-9BDD-07ACCBCD62AF}.Release|Any CPU.ActiveCfg = Release|Any CPU
		{1EC16D11-450B-49C1-9BDD-07ACCBCD62AF}.Release|Any CPU.Build.0 = Release|Any CPU
		{B2710384-B69D-443E-B8E3-3831BAECC335}.Debug|Any CPU.ActiveCfg = Debug|Any CPU
		{B2710384-B69D-443E-B8E3-3831BAECC335}.Debug|Any CPU.Build.0 = Debug|Any CPU
		{B2710384-B69D-443E-B8E3-3831BAECC335}.Release|Any CPU.ActiveCfg = Release|Any CPU
		{B2710384-B69D-443E-B8E3-3831BAECC335}.Release|Any CPU.Build.0 = Release|Any CPU
	EndGlobalSection
	GlobalSection(SolutionProperties) = preSolution
		HideSolutionNode = FALSE
	EndGlobalSection
	GlobalSection(NestedProjects) = preSolution
		{0C7FD308-DDB7-4231-AD49-7A14F68BA27F} = {E58BC802-1B73-41EB-AC6E-00CA348ED757}
		{E279B563-F06B-4D90-A8CD-0F5F4C433A20} = {E58BC802-1B73-41EB-AC6E-00CA348ED757}
		{72B53673-2FFD-4619-8EE7-3CDCAA5C88A8} = {E58BC802-1B73-41EB-AC6E-00CA348ED757}
		{D4C32EFA-6BC4-4BDA-9007-AFD728581EA5} = {E279B563-F06B-4D90-A8CD-0F5F4C433A20}
		{FD5D36FE-8B07-4650-95A7-9D9770FCC1B9} = {D4C32EFA-6BC4-4BDA-9007-AFD728581EA5}
		{B98119B5-7307-47D5-AF0C-D980144AA881} = {72B53673-2FFD-4619-8EE7-3CDCAA5C88A8}
		{81FB1875-3301-483C-9313-E83EA1745762} = {0C7FD308-DDB7-4231-AD49-7A14F68BA27F}
		{154314AC-1228-4CBD-B8A7-F19E207DC3B0} = {81FB1875-3301-483C-9313-E83EA1745762}
		{EF1B5122-48B2-4395-9C93-A458015E4F3E} = {E279B563-F06B-4D90-A8CD-0F5F4C433A20}
		{2310ACC2-7C69-4CA6-935D-3AAF4F6318E9} = {EF1B5122-48B2-4395-9C93-A458015E4F3E}
		{5896FA12-8CB8-412D-A085-39A1E02416D4} = {E279B563-F06B-4D90-A8CD-0F5F4C433A20}
		{7F0063D7-77C5-480E-8545-DA6873678055} = {E279B563-F06B-4D90-A8CD-0F5F4C433A20}
		{2AC16987-81DD-4798-A84E-EAE0AC7B508C} = {E279B563-F06B-4D90-A8CD-0F5F4C433A20}
		{C01D48FC-9271-4475-8720-4B9ED028CF3E} = {E279B563-F06B-4D90-A8CD-0F5F4C433A20}
		{59EF84EC-A90A-4202-BF54-28CA9A8D1E1B} = {5896FA12-8CB8-412D-A085-39A1E02416D4}
		{D4293BB2-D734-4C88-AC95-1F0973AC152A} = {7F0063D7-77C5-480E-8545-DA6873678055}
		{B473B016-300D-4475-AFF2-734E8A2D196D} = {2AC16987-81DD-4798-A84E-EAE0AC7B508C}
		{4CC2FAA6-DAF9-4B7E-A282-462AE594A15C} = {C01D48FC-9271-4475-8720-4B9ED028CF3E}
		{62B91689-9FBA-411E-8598-6755D483B187} = {0C7FD308-DDB7-4231-AD49-7A14F68BA27F}
		{1EC16D11-450B-49C1-9BDD-07ACCBCD62AF} = {62B91689-9FBA-411E-8598-6755D483B187}
		{A20888D1-6B2C-4F53-8A0C-D5CD396848FE} = {0C7FD308-DDB7-4231-AD49-7A14F68BA27F}
		{B2710384-B69D-443E-B8E3-3831BAECC335} = {A20888D1-6B2C-4F53-8A0C-D5CD396848FE}
	EndGlobalSection
	GlobalSection(ExtensibilityGlobals) = postSolution
		SolutionGuid = {A6A7D630-33C3-4CE1-BF2A-FDA12402E902}
	EndGlobalSection
EndGlobal
